
Microsoft Visual Studio Solution File, Format Version 12.00
# Visual Studio Version 16
VisualStudioVersion = 16.0.31829.152
MinimumVisualStudioVersion = 10.0.40219.1
Project("{9A19103F-16F7-4668-BE54-9A1E7A4F7556}") = "Backend.API", "Backend.API\Backend.API.csproj", "{1BBEA630-5E4F-450E-A132-9103B2EE7CB2}"
EndProject
Project("{9A19103F-16F7-4668-BE54-9A1E7A4F7556}") = "Backend.Core", "Backend.Core\Backend.Core.csproj", "{858B7726-1F03-4376-9F89-CBE4C98A8E8F}"
EndProject
Project("{9A19103F-16F7-4668-BE54-9A1E7A4F7556}") = "Backend.Validation", "Backend.Validation\Backend.Validation.csproj", "{C2BB0974-D181-4BED-8DCC-52FAE97988F1}"
EndProject
Project("{9A19103F-16F7-4668-BE54-9A1E7A4F7556}") = "Backend.Middleware", "Backend.Middleware\Backend.Middleware.csproj", "{3C15299D-9AFE-432A-8DE4-D42A4B69C6F1}"
EndProject
Project("{2150E333-8FDC-42A3-9474-1A3956D46DE8}") = "Solution Items", "Solution Items", "{3377BD6C-9ED3-4211-9869-AD65E45464D7}"
EndProject
Project("{FAE04EC0-301F-11D3-BF4B-00C04F79EFBC}") = "Backend.Services", "Backend.Services\Backend.Services.csproj", "{07C35783-84FD-42F5-9CA5-39CC2278A064}"
EndProject
Global
	GlobalSection(SolutionConfigurationPlatforms) = preSolution
		Debug|Any CPU = Debug|Any CPU
		Release|Any CPU = Release|Any CPU
	EndGlobalSection
	GlobalSection(ProjectConfigurationPlatforms) = postSolution
		{1BBEA630-5E4F-450E-A132-9103B2EE7CB2}.Debug|Any CPU.ActiveCfg = Debug|Any CPU
		{1BBEA630-5E4F-450E-A132-9103B2EE7CB2}.Debug|Any CPU.Build.0 = Debug|Any CPU
		{1BBEA630-5E4F-450E-A132-9103B2EE7CB2}.Release|Any CPU.ActiveCfg = Release|Any CPU
		{1BBEA630-5E4F-450E-A132-9103B2EE7CB2}.Release|Any CPU.Build.0 = Release|Any CPU
		{858B7726-1F03-4376-9F89-CBE4C98A8E8F}.Debug|Any CPU.ActiveCfg = Debug|Any CPU
		{858B7726-1F03-4376-9F89-CBE4C98A8E8F}.Debug|Any CPU.Build.0 = Debug|Any CPU
		{858B7726-1F03-4376-9F89-CBE4C98A8E8F}.Release|Any CPU.ActiveCfg = Release|Any CPU
		{858B7726-1F03-4376-9F89-CBE4C98A8E8F}.Release|Any CPU.Build.0 = Release|Any CPU
		{C2BB0974-D181-4BED-8DCC-52FAE97988F1}.Debug|Any CPU.ActiveCfg = Debug|Any CPU
		{C2BB0974-D181-4BED-8DCC-52FAE97988F1}.Debug|Any CPU.Build.0 = Debug|Any CPU
		{C2BB0974-D181-4BED-8DCC-52FAE97988F1}.Release|Any CPU.ActiveCfg = Release|Any CPU
		{C2BB0974-D181-4BED-8DCC-52FAE97988F1}.Release|Any CPU.Build.0 = Release|Any CPU
		{3C15299D-9AFE-432A-8DE4-D42A4B69C6F1}.Debug|Any CPU.ActiveCfg = Debug|Any CPU
		{3C15299D-9AFE-432A-8DE4-D42A4B69C6F1}.Debug|Any CPU.Build.0 = Debug|Any CPU
		{3C15299D-9AFE-432A-8DE4-D42A4B69C6F1}.Release|Any CPU.ActiveCfg = Release|Any CPU
		{3C15299D-9AFE-432A-8DE4-D42A4B69C6F1}.Release|Any CPU.Build.0 = Release|Any CPU
		{07C35783-84FD-42F5-9CA5-39CC2278A064}.Debug|Any CPU.ActiveCfg = Debug|Any CPU
		{07C35783-84FD-42F5-9CA5-39CC2278A064}.Debug|Any CPU.Build.0 = Debug|Any CPU
		{07C35783-84FD-42F5-9CA5-39CC2278A064}.Release|Any CPU.ActiveCfg = Release|Any CPU
		{07C35783-84FD-42F5-9CA5-39CC2278A064}.Release|Any CPU.Build.0 = Release|Any CPU
	EndGlobalSection
	GlobalSection(SolutionProperties) = preSolution
		HideSolutionNode = FALSE
	EndGlobalSection
	GlobalSection(ExtensibilityGlobals) = postSolution
		SolutionGuid = {F8A94BBF-E45B-4AC6-A990-A5AA04C258A2}
	EndGlobalSection
EndGlobal
